// !$*UTF8*$!
{
	archiveVersion = 1;
	classes = {
	};
	objectVersion = 55;
	objects = {

/* Begin PBXBuildFile section */
		A070D4D528960ED100FA9B1A /* ContentView.swift in Sources */ = {isa = PBXBuildFile; fileRef = A070D4D428960ED100FA9B1A /* ContentView.swift */; };
		A070D4D728960ED200FA9B1A /* Assets.xcassets in Resources */ = {isa = PBXBuildFile; fileRef = A070D4D628960ED200FA9B1A /* Assets.xcassets */; };
		A070D4DA28960ED200FA9B1A /* Preview Assets.xcassets in Resources */ = {isa = PBXBuildFile; fileRef = A070D4D928960ED200FA9B1A /* Preview Assets.xcassets */; };
		A0C2180D297C12B3000F2C63 /* SunGuideApp.swift in Sources */ = {isa = PBXBuildFile; fileRef = A0C2180C297C12B3000F2C63 /* SunGuideApp.swift */; };
		A0C21814297C1456000F2C63 /* WidgetKit.framework in Frameworks */ = {isa = PBXBuildFile; fileRef = A070D4E628960F1800FA9B1A /* WidgetKit.framework */; };
		A0C21815297C1456000F2C63 /* SwiftUI.framework in Frameworks */ = {isa = PBXBuildFile; fileRef = A070D4E828960F1800FA9B1A /* SwiftUI.framework */; };
		A0C21818297C1456000F2C63 /* SunGuideWidget.swift in Sources */ = {isa = PBXBuildFile; fileRef = A0C21817297C1456000F2C63 /* SunGuideWidget.swift */; };
		A0C2181B297C1457000F2C63 /* Assets.xcassets in Resources */ = {isa = PBXBuildFile; fileRef = A0C2181A297C1457000F2C63 /* Assets.xcassets */; };
		A0C2181D297C1457000F2C63 /* SunGuideWidget.intentdefinition in Sources */ = {isa = PBXBuildFile; fileRef = A0C21819297C1456000F2C63 /* SunGuideWidget.intentdefinition */; };
		A0C2181E297C1457000F2C63 /* SunGuideWidget.intentdefinition in Sources */ = {isa = PBXBuildFile; fileRef = A0C21819297C1456000F2C63 /* SunGuideWidget.intentdefinition */; };
		A0C21821297C1457000F2C63 /* SunGuideWidgetExtension.appex in Embed App Extensions */ = {isa = PBXBuildFile; fileRef = A0C21813297C1456000F2C63 /* SunGuideWidgetExtension.appex */; settings = {ATTRIBUTES = (RemoveHeadersOnCopy, ); }; };
		A0C21826297C15AD000F2C63 /* Network.swift in Sources */ = {isa = PBXBuildFile; fileRef = A0C21825297C15AD000F2C63 /* Network.swift */; };
		A0C21828297C15B4000F2C63 /* CreditsView.swift in Sources */ = {isa = PBXBuildFile; fileRef = A0C21827297C15B4000F2C63 /* CreditsView.swift */; };
		A0C2182A297C15BB000F2C63 /* FormattedTimeLabel.swift in Sources */ = {isa = PBXBuildFile; fileRef = A0C21829297C15BB000F2C63 /* FormattedTimeLabel.swift */; };
		A0C2182C297C15C4000F2C63 /* SunTimes.swift in Sources */ = {isa = PBXBuildFile; fileRef = A0C2182B297C15C4000F2C63 /* SunTimes.swift */; };
/* End PBXBuildFile section */

/* Begin PBXContainerItemProxy section */
		A0C2181F297C1457000F2C63 /* PBXContainerItemProxy */ = {
			isa = PBXContainerItemProxy;
			containerPortal = A070D4C728960ED100FA9B1A /* Project object */;
			proxyType = 1;
			remoteGlobalIDString = A0C21812297C1456000F2C63;
			remoteInfo = SunGuideWidgetExtension;
		};
/* End PBXContainerItemProxy section */

/* Begin PBXCopyFilesBuildPhase section */
		A070D4F928960F1900FA9B1A /* Embed App Extensions */ = {
			isa = PBXCopyFilesBuildPhase;
			buildActionMask = 2147483647;
			dstPath = "";
			dstSubfolderSpec = 13;
			files = (
				A0C21821297C1457000F2C63 /* SunGuideWidgetExtension.appex in Embed App Extensions */,
			);
			name = "Embed App Extensions";
			runOnlyForDeploymentPostprocessing = 0;
		};
/* End PBXCopyFilesBuildPhase section */

/* Begin PBXFileReference section */
		A070D4CF28960ED100FA9B1A /* Sunlight.app */ = {isa = PBXFileReference; explicitFileType = wrapper.application; includeInIndex = 0; path = Sunlight.app; sourceTree = BUILT_PRODUCTS_DIR; };
		A070D4D428960ED100FA9B1A /* ContentView.swift */ = {isa = PBXFileReference; lastKnownFileType = sourcecode.swift; path = ContentView.swift; sourceTree = "<group>"; };
		A070D4D628960ED200FA9B1A /* Assets.xcassets */ = {isa = PBXFileReference; lastKnownFileType = folder.assetcatalog; path = Assets.xcassets; sourceTree = "<group>"; };
		A070D4D928960ED200FA9B1A /* Preview Assets.xcassets */ = {isa = PBXFileReference; lastKnownFileType = folder.assetcatalog; path = "Preview Assets.xcassets"; sourceTree = "<group>"; };
		A070D4E628960F1800FA9B1A /* WidgetKit.framework */ = {isa = PBXFileReference; lastKnownFileType = wrapper.framework; name = WidgetKit.framework; path = System/Library/Frameworks/WidgetKit.framework; sourceTree = SDKROOT; };
		A070D4E828960F1800FA9B1A /* SwiftUI.framework */ = {isa = PBXFileReference; lastKnownFileType = wrapper.framework; name = SwiftUI.framework; path = System/Library/Frameworks/SwiftUI.framework; sourceTree = SDKROOT; };
		A0C2180A297C11CF000F2C63 /* SunGuideWidgetExtension.entitlements */ = {isa = PBXFileReference; lastKnownFileType = text.plist.entitlements; path = SunGuideWidgetExtension.entitlements; sourceTree = "<group>"; };
		A0C2180B297C11F4000F2C63 /* SunGuideWidget */ = {isa = PBXFileReference; lastKnownFileType = folder; path = SunGuideWidget; sourceTree = "<group>"; };
		A0C2180C297C12B3000F2C63 /* SunGuideApp.swift */ = {isa = PBXFileReference; fileEncoding = 4; lastKnownFileType = sourcecode.swift; path = SunGuideApp.swift; sourceTree = "<group>"; };
		A0C2180E297C12DE000F2C63 /* SunGuide.entitlements */ = {isa = PBXFileReference; fileEncoding = 4; lastKnownFileType = text.plist.entitlements; path = SunGuide.entitlements; sourceTree = "<group>"; };
		A0C21813297C1456000F2C63 /* SunGuideWidgetExtension.appex */ = {isa = PBXFileReference; explicitFileType = "wrapper.app-extension"; includeInIndex = 0; path = SunGuideWidgetExtension.appex; sourceTree = BUILT_PRODUCTS_DIR; };
		A0C21817297C1456000F2C63 /* SunGuideWidget.swift */ = {isa = PBXFileReference; lastKnownFileType = sourcecode.swift; path = SunGuideWidget.swift; sourceTree = "<group>"; };
		A0C21819297C1456000F2C63 /* SunGuideWidget.intentdefinition */ = {isa = PBXFileReference; lastKnownFileType = file.intentdefinition; path = SunGuideWidget.intentdefinition; sourceTree = "<group>"; };
		A0C2181A297C1457000F2C63 /* Assets.xcassets */ = {isa = PBXFileReference; lastKnownFileType = folder.assetcatalog; path = Assets.xcassets; sourceTree = "<group>"; };
		A0C2181C297C1457000F2C63 /* Info.plist */ = {isa = PBXFileReference; lastKnownFileType = text.plist.xml; path = Info.plist; sourceTree = "<group>"; };
		A0C21825297C15AD000F2C63 /* Network.swift */ = {isa = PBXFileReference; lastKnownFileType = sourcecode.swift; path = Network.swift; sourceTree = "<group>"; };
		A0C21827297C15B4000F2C63 /* CreditsView.swift */ = {isa = PBXFileReference; lastKnownFileType = sourcecode.swift; path = CreditsView.swift; sourceTree = "<group>"; };
		A0C21829297C15BB000F2C63 /* FormattedTimeLabel.swift */ = {isa = PBXFileReference; lastKnownFileType = sourcecode.swift; path = FormattedTimeLabel.swift; sourceTree = "<group>"; };
		A0C2182B297C15C4000F2C63 /* SunTimes.swift */ = {isa = PBXFileReference; lastKnownFileType = sourcecode.swift; path = SunTimes.swift; sourceTree = "<group>"; };
/* End PBXFileReference section */

/* Begin PBXFrameworksBuildPhase section */
		A070D4CC28960ED100FA9B1A /* Frameworks */ = {
			isa = PBXFrameworksBuildPhase;
			buildActionMask = 2147483647;
			files = (
			);
			runOnlyForDeploymentPostprocessing = 0;
		};
		A0C21810297C1456000F2C63 /* Frameworks */ = {
			isa = PBXFrameworksBuildPhase;
			buildActionMask = 2147483647;
			files = (
				A0C21815297C1456000F2C63 /* SwiftUI.framework in Frameworks */,
				A0C21814297C1456000F2C63 /* WidgetKit.framework in Frameworks */,
			);
			runOnlyForDeploymentPostprocessing = 0;
		};
/* End PBXFrameworksBuildPhase section */

/* Begin PBXGroup section */
		A070D4C628960ED100FA9B1A = {
			isa = PBXGroup;
			children = (
				A0C2180A297C11CF000F2C63 /* SunGuideWidgetExtension.entitlements */,
				A0C2180B297C11F4000F2C63 /* SunGuideWidget */,
				A070D4D128960ED100FA9B1A /* WidgetTests */,
				A0C21816297C1456000F2C63 /* SunGuideWidget */,
				A070D4E528960F1800FA9B1A /* Frameworks */,
				A070D4D028960ED100FA9B1A /* Products */,
			);
			sourceTree = "<group>";
		};
		A070D4D028960ED100FA9B1A /* Products */ = {
			isa = PBXGroup;
			children = (
				A070D4CF28960ED100FA9B1A /* Sunlight.app */,
				A0C21813297C1456000F2C63 /* SunGuideWidgetExtension.appex */,
			);
			name = Products;
			sourceTree = "<group>";
		};
		A070D4D128960ED100FA9B1A /* WidgetTests */ = {
			isa = PBXGroup;
			children = (
				A0C2180E297C12DE000F2C63 /* SunGuide.entitlements */,
				A0C21825297C15AD000F2C63 /* Network.swift */,
				A0C2182B297C15C4000F2C63 /* SunTimes.swift */,
				A0C21829297C15BB000F2C63 /* FormattedTimeLabel.swift */,
				A0C21827297C15B4000F2C63 /* CreditsView.swift */,
				A0C2180C297C12B3000F2C63 /* SunGuideApp.swift */,
				A070D4D428960ED100FA9B1A /* ContentView.swift */,
				A070D4D628960ED200FA9B1A /* Assets.xcassets */,
				A070D4D828960ED200FA9B1A /* Preview Content */,
			);
			path = WidgetTests;
			sourceTree = "<group>";
		};
		A070D4D828960ED200FA9B1A /* Preview Content */ = {
			isa = PBXGroup;
			children = (
				A070D4D928960ED200FA9B1A /* Preview Assets.xcassets */,
			);
			path = "Preview Content";
			sourceTree = "<group>";
		};
		A070D4E528960F1800FA9B1A /* Frameworks */ = {
			isa = PBXGroup;
			children = (
				A070D4E628960F1800FA9B1A /* WidgetKit.framework */,
				A070D4E828960F1800FA9B1A /* SwiftUI.framework */,
			);
			name = Frameworks;
			sourceTree = "<group>";
		};
		A0C21816297C1456000F2C63 /* SunGuideWidget */ = {
			isa = PBXGroup;
			children = (
				A0C21817297C1456000F2C63 /* SunGuideWidget.swift */,
				A0C21819297C1456000F2C63 /* SunGuideWidget.intentdefinition */,
				A0C2181A297C1457000F2C63 /* Assets.xcassets */,
				A0C2181C297C1457000F2C63 /* Info.plist */,
			);
			path = SunGuideWidget;
			sourceTree = "<group>";
		};
/* End PBXGroup section */

/* Begin PBXNativeTarget section */
		A070D4CE28960ED100FA9B1A /* WidgetTests */ = {
			isa = PBXNativeTarget;
			buildConfigurationList = A070D4DD28960ED200FA9B1A /* Build configuration list for PBXNativeTarget "WidgetTests" */;
			buildPhases = (
				A070D4CB28960ED100FA9B1A /* Sources */,
				A070D4CC28960ED100FA9B1A /* Frameworks */,
				A070D4CD28960ED100FA9B1A /* Resources */,
				A070D4F928960F1900FA9B1A /* Embed App Extensions */,
			);
			buildRules = (
			);
			dependencies = (
				A0C21820297C1457000F2C63 /* PBXTargetDependency */,
			);
			name = WidgetTests;
			productName = WidgetTests;
			productReference = A070D4CF28960ED100FA9B1A /* Sunlight.app */;
			productType = "com.apple.product-type.application";
		};
		A0C21812297C1456000F2C63 /* SunGuideWidgetExtension */ = {
			isa = PBXNativeTarget;
			buildConfigurationList = A0C21822297C1457000F2C63 /* Build configuration list for PBXNativeTarget "SunGuideWidgetExtension" */;
			buildPhases = (
				A0C2180F297C1456000F2C63 /* Sources */,
				A0C21810297C1456000F2C63 /* Frameworks */,
				A0C21811297C1456000F2C63 /* Resources */,
			);
			buildRules = (
			);
			dependencies = (
			);
			name = SunGuideWidgetExtension;
			productName = SunGuideWidgetExtension;
			productReference = A0C21813297C1456000F2C63 /* SunGuideWidgetExtension.appex */;
			productType = "com.apple.product-type.app-extension";
		};
/* End PBXNativeTarget section */

/* Begin PBXProject section */
		A070D4C728960ED100FA9B1A /* Project object */ = {
			isa = PBXProject;
			attributes = {
				BuildIndependentTargetsInParallel = 1;
				LastSwiftUpdateCheck = 1400;
				LastUpgradeCheck = 1310;
				TargetAttributes = {
					A070D4CE28960ED100FA9B1A = {
						CreatedOnToolsVersion = 13.1;
					};
					A0C21812297C1456000F2C63 = {
						CreatedOnToolsVersion = 14.0;
					};
				};
			};
			buildConfigurationList = A070D4CA28960ED100FA9B1A /* Build configuration list for PBXProject "WidgetTests" */;
			compatibilityVersion = "Xcode 13.0";
			developmentRegion = en;
			hasScannedForEncodings = 0;
			knownRegions = (
				en,
				Base,
			);
			mainGroup = A070D4C628960ED100FA9B1A;
			productRefGroup = A070D4D028960ED100FA9B1A /* Products */;
			projectDirPath = "";
			projectRoot = "";
			targets = (
				A070D4CE28960ED100FA9B1A /* WidgetTests */,
				A0C21812297C1456000F2C63 /* SunGuideWidgetExtension */,
			);
		};
/* End PBXProject section */

/* Begin PBXResourcesBuildPhase section */
		A070D4CD28960ED100FA9B1A /* Resources */ = {
			isa = PBXResourcesBuildPhase;
			buildActionMask = 2147483647;
			files = (
				A070D4DA28960ED200FA9B1A /* Preview Assets.xcassets in Resources */,
				A070D4D728960ED200FA9B1A /* Assets.xcassets in Resources */,
			);
			runOnlyForDeploymentPostprocessing = 0;
		};
		A0C21811297C1456000F2C63 /* Resources */ = {
			isa = PBXResourcesBuildPhase;
			buildActionMask = 2147483647;
			files = (
				A0C2181B297C1457000F2C63 /* Assets.xcassets in Resources */,
			);
			runOnlyForDeploymentPostprocessing = 0;
		};
/* End PBXResourcesBuildPhase section */

/* Begin PBXSourcesBuildPhase section */
		A070D4CB28960ED100FA9B1A /* Sources */ = {
			isa = PBXSourcesBuildPhase;
			buildActionMask = 2147483647;
			files = (
				A0C2182A297C15BB000F2C63 /* FormattedTimeLabel.swift in Sources */,
				A070D4D528960ED100FA9B1A /* ContentView.swift in Sources */,
				A0C2181E297C1457000F2C63 /* SunGuideWidget.intentdefinition in Sources */,
				A0C21826297C15AD000F2C63 /* Network.swift in Sources */,
				A0C21828297C15B4000F2C63 /* CreditsView.swift in Sources */,
				A0C2180D297C12B3000F2C63 /* SunGuideApp.swift in Sources */,
				A0C2182C297C15C4000F2C63 /* SunTimes.swift in Sources */,
			);
			runOnlyForDeploymentPostprocessing = 0;
		};
		A0C2180F297C1456000F2C63 /* Sources */ = {
			isa = PBXSourcesBuildPhase;
			buildActionMask = 2147483647;
			files = (
				A0C2181D297C1457000F2C63 /* SunGuideWidget.intentdefinition in Sources */,
				A0C21818297C1456000F2C63 /* SunGuideWidget.swift in Sources */,
			);
			runOnlyForDeploymentPostprocessing = 0;
		};
/* End PBXSourcesBuildPhase section */

/* Begin PBXTargetDependency section */
		A0C21820297C1457000F2C63 /* PBXTargetDependency */ = {
			isa = PBXTargetDependency;
			target = A0C21812297C1456000F2C63 /* SunGuideWidgetExtension */;
			targetProxy = A0C2181F297C1457000F2C63 /* PBXContainerItemProxy */;
		};
/* End PBXTargetDependency section */

/* Begin XCBuildConfiguration section */
		A070D4DB28960ED200FA9B1A /* Debug */ = {
			isa = XCBuildConfiguration;
			buildSettings = {
				ALWAYS_SEARCH_USER_PATHS = NO;
				CLANG_ANALYZER_NONNULL = YES;
				CLANG_ANALYZER_NUMBER_OBJECT_CONVERSION = YES_AGGRESSIVE;
				CLANG_CXX_LANGUAGE_STANDARD = "gnu++17";
				CLANG_CXX_LIBRARY = "libc++";
				CLANG_ENABLE_MODULES = YES;
				CLANG_ENABLE_OBJC_ARC = YES;
				CLANG_ENABLE_OBJC_WEAK = YES;
				CLANG_WARN_BLOCK_CAPTURE_AUTORELEASING = YES;
				CLANG_WARN_BOOL_CONVERSION = YES;
				CLANG_WARN_COMMA = YES;
				CLANG_WARN_CONSTANT_CONVERSION = YES;
				CLANG_WARN_DEPRECATED_OBJC_IMPLEMENTATIONS = YES;
				CLANG_WARN_DIRECT_OBJC_ISA_USAGE = YES_ERROR;
				CLANG_WARN_DOCUMENTATION_COMMENTS = YES;
				CLANG_WARN_EMPTY_BODY = YES;
				CLANG_WARN_ENUM_CONVERSION = YES;
				CLANG_WARN_INFINITE_RECURSION = YES;
				CLANG_WARN_INT_CONVERSION = YES;
				CLANG_WARN_NON_LITERAL_NULL_CONVERSION = YES;
				CLANG_WARN_OBJC_IMPLICIT_RETAIN_SELF = YES;
				CLANG_WARN_OBJC_LITERAL_CONVERSION = YES;
				CLANG_WARN_OBJC_ROOT_CLASS = YES_ERROR;
				CLANG_WARN_QUOTED_INCLUDE_IN_FRAMEWORK_HEADER = YES;
				CLANG_WARN_RANGE_LOOP_ANALYSIS = YES;
				CLANG_WARN_STRICT_PROTOTYPES = YES;
				CLANG_WARN_SUSPICIOUS_MOVE = YES;
				CLANG_WARN_UNGUARDED_AVAILABILITY = YES_AGGRESSIVE;
				CLANG_WARN_UNREACHABLE_CODE = YES;
				CLANG_WARN__DUPLICATE_METHOD_MATCH = YES;
				COPY_PHASE_STRIP = NO;
				DEBUG_INFORMATION_FORMAT = dwarf;
				ENABLE_STRICT_OBJC_MSGSEND = YES;
				ENABLE_TESTABILITY = YES;
				GCC_C_LANGUAGE_STANDARD = gnu11;
				GCC_DYNAMIC_NO_PIC = NO;
				GCC_NO_COMMON_BLOCKS = YES;
				GCC_OPTIMIZATION_LEVEL = 0;
				GCC_PREPROCESSOR_DEFINITIONS = (
					"DEBUG=1",
					"$(inherited)",
				);
				GCC_WARN_64_TO_32_BIT_CONVERSION = YES;
				GCC_WARN_ABOUT_RETURN_TYPE = YES_ERROR;
				GCC_WARN_UNDECLARED_SELECTOR = YES;
				GCC_WARN_UNINITIALIZED_AUTOS = YES_AGGRESSIVE;
				GCC_WARN_UNUSED_FUNCTION = YES;
				GCC_WARN_UNUSED_VARIABLE = YES;
				IPHONEOS_DEPLOYMENT_TARGET = 15.0;
				MTL_ENABLE_DEBUG_INFO = INCLUDE_SOURCE;
				MTL_FAST_MATH = YES;
				ONLY_ACTIVE_ARCH = YES;
				SDKROOT = iphoneos;
				SWIFT_ACTIVE_COMPILATION_CONDITIONS = DEBUG;
				SWIFT_OPTIMIZATION_LEVEL = "-Onone";
			};
			name = Debug;
		};
		A070D4DC28960ED200FA9B1A /* Release */ = {
			isa = XCBuildConfiguration;
			buildSettings = {
				ALWAYS_SEARCH_USER_PATHS = NO;
				CLANG_ANALYZER_NONNULL = YES;
				CLANG_ANALYZER_NUMBER_OBJECT_CONVERSION = YES_AGGRESSIVE;
				CLANG_CXX_LANGUAGE_STANDARD = "gnu++17";
				CLANG_CXX_LIBRARY = "libc++";
				CLANG_ENABLE_MODULES = YES;
				CLANG_ENABLE_OBJC_ARC = YES;
				CLANG_ENABLE_OBJC_WEAK = YES;
				CLANG_WARN_BLOCK_CAPTURE_AUTORELEASING = YES;
				CLANG_WARN_BOOL_CONVERSION = YES;
				CLANG_WARN_COMMA = YES;
				CLANG_WARN_CONSTANT_CONVERSION = YES;
				CLANG_WARN_DEPRECATED_OBJC_IMPLEMENTATIONS = YES;
				CLANG_WARN_DIRECT_OBJC_ISA_USAGE = YES_ERROR;
				CLANG_WARN_DOCUMENTATION_COMMENTS = YES;
				CLANG_WARN_EMPTY_BODY = YES;
				CLANG_WARN_ENUM_CONVERSION = YES;
				CLANG_WARN_INFINITE_RECURSION = YES;
				CLANG_WARN_INT_CONVERSION = YES;
				CLANG_WARN_NON_LITERAL_NULL_CONVERSION = YES;
				CLANG_WARN_OBJC_IMPLICIT_RETAIN_SELF = YES;
				CLANG_WARN_OBJC_LITERAL_CONVERSION = YES;
				CLANG_WARN_OBJC_ROOT_CLASS = YES_ERROR;
				CLANG_WARN_QUOTED_INCLUDE_IN_FRAMEWORK_HEADER = YES;
				CLANG_WARN_RANGE_LOOP_ANALYSIS = YES;
				CLANG_WARN_STRICT_PROTOTYPES = YES;
				CLANG_WARN_SUSPICIOUS_MOVE = YES;
				CLANG_WARN_UNGUARDED_AVAILABILITY = YES_AGGRESSIVE;
				CLANG_WARN_UNREACHABLE_CODE = YES;
				CLANG_WARN__DUPLICATE_METHOD_MATCH = YES;
				COPY_PHASE_STRIP = NO;
				DEBUG_INFORMATION_FORMAT = "dwarf-with-dsym";
				ENABLE_NS_ASSERTIONS = NO;
				ENABLE_STRICT_OBJC_MSGSEND = YES;
				GCC_C_LANGUAGE_STANDARD = gnu11;
				GCC_NO_COMMON_BLOCKS = YES;
				GCC_WARN_64_TO_32_BIT_CONVERSION = YES;
				GCC_WARN_ABOUT_RETURN_TYPE = YES_ERROR;
				GCC_WARN_UNDECLARED_SELECTOR = YES;
				GCC_WARN_UNINITIALIZED_AUTOS = YES_AGGRESSIVE;
				GCC_WARN_UNUSED_FUNCTION = YES;
				GCC_WARN_UNUSED_VARIABLE = YES;
				IPHONEOS_DEPLOYMENT_TARGET = 15.0;
				MTL_ENABLE_DEBUG_INFO = NO;
				MTL_FAST_MATH = YES;
				SDKROOT = iphoneos;
				SWIFT_COMPILATION_MODE = wholemodule;
				SWIFT_OPTIMIZATION_LEVEL = "-O";
				VALIDATE_PRODUCT = YES;
			};
			name = Release;
		};
		A070D4DE28960ED200FA9B1A /* Debug */ = {
			isa = XCBuildConfiguration;
			buildSettings = {
				ALWAYS_EMBED_SWIFT_STANDARD_LIBRARIES = YES;
				ASSETCATALOG_COMPILER_APPICON_NAME = AppIcon;
				ASSETCATALOG_COMPILER_GLOBAL_ACCENT_COLOR_NAME = AccentColor;
				CODE_SIGN_ENTITLEMENTS = WidgetTests/SunGuide.entitlements;
				CODE_SIGN_STYLE = Automatic;
				CURRENT_PROJECT_VERSION = 1;
				DEVELOPMENT_ASSET_PATHS = "\"WidgetTests/Preview Content\"";
				DEVELOPMENT_TEAM = L4XYQHCH99;
				ENABLE_PREVIEWS = YES;
				GENERATE_INFOPLIST_FILE = YES;
				INFOPLIST_KEY_NSLocationWhenInUseUsageDescription = "Need location for fetching sun times";
				INFOPLIST_KEY_UIApplicationSceneManifest_Generation = YES;
				INFOPLIST_KEY_UIApplicationSupportsIndirectInputEvents = YES;
				INFOPLIST_KEY_UILaunchScreen_Generation = YES;
				INFOPLIST_KEY_UISupportedInterfaceOrientations_iPad = "UIInterfaceOrientationPortrait UIInterfaceOrientationPortraitUpsideDown UIInterfaceOrientationLandscapeLeft UIInterfaceOrientationLandscapeRight";
				INFOPLIST_KEY_UISupportedInterfaceOrientations_iPhone = "UIInterfaceOrientationPortrait UIInterfaceOrientationLandscapeLeft UIInterfaceOrientationLandscapeRight";
				LD_RUNPATH_SEARCH_PATHS = (
					"$(inherited)",
					"@executable_path/Frameworks",
				);
				MARKETING_VERSION = 1.0;
				PRODUCT_BUNDLE_IDENTIFIER = ShahLabs.WidgetTests;
				PRODUCT_NAME = Sunlight;
				SWIFT_EMIT_LOC_STRINGS = YES;
				SWIFT_VERSION = 5.0;
				TARGETED_DEVICE_FAMILY = "1,2";
			};
			name = Debug;
		};
		A070D4DF28960ED200FA9B1A /* Release */ = {
			isa = XCBuildConfiguration;
			buildSettings = {
				ALWAYS_EMBED_SWIFT_STANDARD_LIBRARIES = YES;
				ASSETCATALOG_COMPILER_APPICON_NAME = AppIcon;
				ASSETCATALOG_COMPILER_GLOBAL_ACCENT_COLOR_NAME = AccentColor;
				CODE_SIGN_ENTITLEMENTS = WidgetTests/SunGuide.entitlements;
				CODE_SIGN_STYLE = Automatic;
				CURRENT_PROJECT_VERSION = 1;
				DEVELOPMENT_ASSET_PATHS = "\"WidgetTests/Preview Content\"";
				DEVELOPMENT_TEAM = L4XYQHCH99;
				ENABLE_PREVIEWS = YES;
				GENERATE_INFOPLIST_FILE = YES;
				INFOPLIST_KEY_NSLocationWhenInUseUsageDescription = "Need location for fetching sun times";
				INFOPLIST_KEY_UIApplicationSceneManifest_Generation = YES;
				INFOPLIST_KEY_UIApplicationSupportsIndirectInputEvents = YES;
				INFOPLIST_KEY_UILaunchScreen_Generation = YES;
				INFOPLIST_KEY_UISupportedInterfaceOrientations_iPad = "UIInterfaceOrientationPortrait UIInterfaceOrientationPortraitUpsideDown UIInterfaceOrientationLandscapeLeft UIInterfaceOrientationLandscapeRight";
				INFOPLIST_KEY_UISupportedInterfaceOrientations_iPhone = "UIInterfaceOrientationPortrait UIInterfaceOrientationLandscapeLeft UIInterfaceOrientationLandscapeRight";
				LD_RUNPATH_SEARCH_PATHS = (
					"$(inherited)",
					"@executable_path/Frameworks",
				);
				MARKETING_VERSION = 1.0;
				PRODUCT_BUNDLE_IDENTIFIER = ShahLabs.WidgetTests;
				PRODUCT_NAME = Sunlight;
				SWIFT_EMIT_LOC_STRINGS = YES;
				SWIFT_VERSION = 5.0;
				TARGETED_DEVICE_FAMILY = "1,2";
			};
			name = Release;
		};
		A0C21823297C1457000F2C63 /* Debug */ = {
			isa = XCBuildConfiguration;
			buildSettings = {
				ASSETCATALOG_COMPILER_GLOBAL_ACCENT_COLOR_NAME = AccentColor;
				ASSETCATALOG_COMPILER_WIDGET_BACKGROUND_COLOR_NAME = WidgetBackground;
				CLANG_CXX_LANGUAGE_STANDARD = "gnu++20";
				CODE_SIGN_STYLE = Automatic;
				CURRENT_PROJECT_VERSION = 1;
				DEVELOPMENT_TEAM = L4XYQHCH99;
				GENERATE_INFOPLIST_FILE = YES;
				INFOPLIST_FILE = SunGuideWidget/Info.plist;
				INFOPLIST_KEY_CFBundleDisplayName = SunGuideWidget;
				INFOPLIST_KEY_NSHumanReadableCopyright = "";
				IPHONEOS_DEPLOYMENT_TARGET = 16.0;
				LD_RUNPATH_SEARCH_PATHS = (
					"$(inherited)",
					"@executable_path/Frameworks",
					"@executable_path/../../Frameworks",
				);
				MARKETING_VERSION = 1.0;
				PRODUCT_BUNDLE_IDENTIFIER = ShahLabs.WidgetTests.SunGuideWidget;
				PRODUCT_NAME = "$(TARGET_NAME)";
				SKIP_INSTALL = YES;
				SWIFT_EMIT_LOC_STRINGS = YES;
				SWIFT_VERSION = 5.0;
				TARGETED_DEVICE_FAMILY = "1,2";
			};
			name = Debug;
		};
		A0C21824297C1457000F2C63 /* Release */ = {
			isa = XCBuildConfiguration;
			buildSettings = {
				ASSETCATALOG_COMPILER_GLOBAL_ACCENT_COLOR_NAME = AccentColor;
				ASSETCATALOG_COMPILER_WIDGET_BACKGROUND_COLOR_NAME = WidgetBackground;
				CLANG_CXX_LANGUAGE_STANDARD = "gnu++20";
				CODE_SIGN_STYLE = Automatic;
				CURRENT_PROJECT_VERSION = 1;
				DEVELOPMENT_TEAM = L4XYQHCH99;
				GENERATE_INFOPLIST_FILE = YES;
				INFOPLIST_FILE = SunGuideWidget/Info.plist;
				INFOPLIST_KEY_CFBundleDisplayName = SunGuideWidget;
				INFOPLIST_KEY_NSHumanReadableCopyright = "";
				IPHONEOS_DEPLOYMENT_TARGET = 16.0;
				LD_RUNPATH_SEARCH_PATHS = (
					"$(inherited)",
					"@executable_path/Frameworks",
					"@executable_path/../../Frameworks",
				);
				MARKETING_VERSION = 1.0;
				PRODUCT_BUNDLE_IDENTIFIER = ShahLabs.WidgetTests.SunGuideWidget;
				PRODUCT_NAME = "$(TARGET_NAME)";
				SKIP_INSTALL = YES;
				SWIFT_EMIT_LOC_STRINGS = YES;
				SWIFT_VERSION = 5.0;
				TARGETED_DEVICE_FAMILY = "1,2";
			};
			name = Release;
		};
/* End XCBuildConfiguration section */

/* Begin XCConfigurationList section */
		A070D4CA28960ED100FA9B1A /* Build configuration list for PBXProject "WidgetTests" */ = {
			isa = XCConfigurationList;
			buildConfigurations = (
				A070D4DB28960ED200FA9B1A /* Debug */,
				A070D4DC28960ED200FA9B1A /* Release */,
			);
			defaultConfigurationIsVisible = 0;
			defaultConfigurationName = Release;
		};
		A070D4DD28960ED200FA9B1A /* Build configuration list for PBXNativeTarget "WidgetTests" */ = {
			isa = XCConfigurationList;
			buildConfigurations = (
				A070D4DE28960ED200FA9B1A /* Debug */,
				A070D4DF28960ED200FA9B1A /* Release */,
			);
			defaultConfigurationIsVisible = 0;
			defaultConfigurationName = Release;
		};
		A0C21822297C1457000F2C63 /* Build configuration list for PBXNativeTarget "SunGuideWidgetExtension" */ = {
			isa = XCConfigurationList;
			buildConfigurations = (
				A0C21823297C1457000F2C63 /* Debug */,
				A0C21824297C1457000F2C63 /* Release */,
			);
			defaultConfigurationIsVisible = 0;
			defaultConfigurationName = Release;
		};
/* End XCConfigurationList section */
	};
	rootObject = A070D4C728960ED100FA9B1A /* Project object */;
}
